# Generated by pub
# See https://dart.dev/tools/pub/glossary#lockfile
packages:
  _fe_analyzer_shared:
    dependency: transitive
    description:
      name: _fe_analyzer_shared
      sha256: "0b2f2bd91ba804e53a61d757b986f89f1f9eaed5b11e4b2f5a2468d86d6c9fc7"
      url: "https://pub.dev"
    source: hosted
    version: "67.0.0"
  _flutterfire_internals:
    dependency: transitive
    description:
      name: _flutterfire_internals
      sha256: "37a42d06068e2fe3deddb2da079a8c4d105f241225ba27b7122b37e9865fd8f7"
      url: "https://pub.dev"
    source: hosted
    version: "1.3.35"
  analyzer:
    dependency: transitive
    description:
      name: analyzer
      sha256: "37577842a27e4338429a1cbc32679d508836510b056f1eedf0c8d20e39c1383d"
      url: "https://pub.dev"
    source: hosted
    version: "6.4.1"
  args:
    dependency: transitive
    description:
      name: args
      sha256: "7cf60b9f0cc88203c5a190b4cd62a99feea42759a7fa695010eb5de1c0b2252a"
      url: "https://pub.dev"
    source: hosted
    version: "2.5.0"
  async:
    dependency: transitive
    description:
      name: async
      sha256: "947bfcf187f74dbc5e146c9eb9c0f10c9f8b30743e341481c1e2ed3ecc18c20c"
      url: "https://pub.dev"
    source: hosted
    version: "2.11.0"
  boolean_selector:
    dependency: transitive
    description:
      name: boolean_selector
      sha256: "6cfb5af12253eaf2b368f07bacc5a80d1301a071c73360d746b7f2e32d762c66"
      url: "https://pub.dev"
    source: hosted
    version: "2.1.1"
  build:
    dependency: transitive
    description:
      name: build
      sha256: "80184af8b6cb3e5c1c4ec6d8544d27711700bc3e6d2efad04238c7b5290889f0"
      url: "https://pub.dev"
    source: hosted
    version: "2.4.1"
  build_config:
    dependency: transitive
    description:
      name: build_config
      sha256: bf80fcfb46a29945b423bd9aad884590fb1dc69b330a4d4700cac476af1708d1
      url: "https://pub.dev"
    source: hosted
    version: "1.1.1"
  characters:
    dependency: transitive
    description:
      name: characters
      sha256: "04a925763edad70e8443c99234dc3328f442e811f1d8fd1a72f1c8ad0f69a605"
      url: "https://pub.dev"
    source: hosted
    version: "1.3.0"
  checked_yaml:
    dependency: transitive
    description:
      name: checked_yaml
      sha256: feb6bed21949061731a7a75fc5d2aa727cf160b91af9a3e464c5e3a32e28b5ff
      url: "https://pub.dev"
    source: hosted
    version: "2.0.3"
  clock:
    dependency: transitive
    description:
      name: clock
      sha256: cb6d7f03e1de671e34607e909a7213e31d7752be4fb66a86d29fe1eb14bfb5cf
      url: "https://pub.dev"
    source: hosted
    version: "1.1.1"
  cloud_firestore:
    dependency: "direct main"
    description:
      name: cloud_firestore
      sha256: a0f161b92610e078b4962d7e6ebeb66dc9cce0ada3514aeee442f68165d78185
      url: "https://pub.dev"
    source: hosted
    version: "4.17.5"
  cloud_firestore_platform_interface:
    dependency: transitive
    description:
      name: cloud_firestore_platform_interface
      sha256: "6a55b319f8d33c307396b9104512e8130a61904528ab7bd8b5402678fca54b81"
      url: "https://pub.dev"
    source: hosted
    version: "6.2.5"
  cloud_firestore_web:
    dependency: transitive
    description:
      name: cloud_firestore_web
      sha256: "89dfa1304d3da48b3039abbb2865e3d30896ef858e569a16804a99f4362283a9"
      url: "https://pub.dev"
    source: hosted
    version: "3.12.5"
  cloud_functions:
    dependency: "direct main"
    description:
      name: cloud_functions
      sha256: ddec68a2fbee603527c009bb20c6bd071559dfa87fda55d9d92052d1ebff5377
      url: "https://pub.dev"
    source: hosted
    version: "4.7.6"
  cloud_functions_platform_interface:
    dependency: transitive
    description:
      name: cloud_functions_platform_interface
      sha256: "0c6fca0e64fc2d3a3834d39f99b0ee6f76d96f94bb5acf4593af891df914d175"
      url: "https://pub.dev"
    source: hosted
    version: "5.5.28"
  cloud_functions_web:
    dependency: transitive
    description:
      name: cloud_functions_web
      sha256: af536e7c7223c64250c6cc384dc553d76bbacc9b9127389df0c654887f203911
      url: "https://pub.dev"
    source: hosted
    version: "4.9.6"
  collection:
    dependency: transitive
    description:
      name: collection
      sha256: ee67cb0715911d28db6bf4af1026078bd6f0128b07a5f66fb2ed94ec6783c09a
      url: "https://pub.dev"
    source: hosted
    version: "1.18.0"
  convert:
    dependency: transitive
    description:
      name: convert
      sha256: "0f08b14755d163f6e2134cb58222dd25ea2a2ee8a195e53983d57c075324d592"
      url: "https://pub.dev"
    source: hosted
    version: "3.1.1"
  cross_file:
    dependency: transitive
    description:
      name: cross_file
      sha256: "7caf6a750a0c04effbb52a676dce9a4a592e10ad35c34d6d2d0e4811160d5670"
      url: "https://pub.dev"
    source: hosted
    version: "0.3.4+2"
  crypto:
    dependency: transitive
    description:
      name: crypto
      sha256: ff625774173754681d66daaf4a448684fb04b78f902da9cb3d308c19cc5e8bab
      url: "https://pub.dev"
    source: hosted
    version: "3.0.3"
  csslib:
    dependency: transitive
    description:
      name: csslib
      sha256: "706b5707578e0c1b4b7550f64078f0a0f19dec3f50a178ffae7006b0a9ca58fb"
      url: "https://pub.dev"
    source: hosted
    version: "1.0.0"
  dart_style:
    dependency: transitive
    description:
      name: dart_style
      sha256: "99e066ce75c89d6b29903d788a7bb9369cf754f7b24bf70bf4b6d6d6b26853b9"
      url: "https://pub.dev"
    source: hosted
    version: "2.3.6"
  dotted_border:
    dependency: "direct main"
    description:
      name: dotted_border
      sha256: "108837e11848ca776c53b30bc870086f84b62ed6e01c503ed976e8f8c7df9c04"
      url: "https://pub.dev"
    source: hosted
    version: "2.1.0"
  fake_async:
    dependency: transitive
    description:
      name: fake_async
      sha256: "511392330127add0b769b75a987850d136345d9227c6b94c96a04cf4a391bf78"
      url: "https://pub.dev"
    source: hosted
    version: "1.3.1"
  ffi:
    dependency: transitive
    description:
      name: ffi
      sha256: "16ed7b077ef01ad6170a3d0c57caa4a112a38d7a2ed5602e0aca9ca6f3d98da6"
      url: "https://pub.dev"
    source: hosted
    version: "2.1.3"
  file:
    dependency: transitive
    description:
      name: file
      sha256: "5fc22d7c25582e38ad9a8515372cd9a93834027aacf1801cf01164dac0ffa08c"
      url: "https://pub.dev"
    source: hosted
    version: "7.0.0"
  file_selector_linux:
    dependency: transitive
    description:
      name: file_selector_linux
      sha256: "045d372bf19b02aeb69cacf8b4009555fb5f6f0b7ad8016e5f46dd1387ddd492"
      url: "https://pub.dev"
    source: hosted
    version: "0.9.2+1"
  file_selector_macos:
    dependency: transitive
    description:
      name: file_selector_macos
      sha256: f42eacb83b318e183b1ae24eead1373ab1334084404c8c16e0354f9a3e55d385
      url: "https://pub.dev"
    source: hosted
    version: "0.9.4"
  file_selector_platform_interface:
    dependency: transitive
    description:
      name: file_selector_platform_interface
      sha256: a3994c26f10378a039faa11de174d7b78eb8f79e4dd0af2a451410c1a5c3f66b
      url: "https://pub.dev"
    source: hosted
    version: "2.6.2"
  file_selector_windows:
    dependency: transitive
    description:
      name: file_selector_windows
      sha256: "2ad726953f6e8affbc4df8dc78b77c3b4a060967a291e528ef72ae846c60fb69"
      url: "https://pub.dev"
    source: hosted
    version: "0.9.3+2"
  firebase_analytics:
    dependency: "direct main"
    description:
      name: firebase_analytics
      sha256: dbf1e7ab22cfb1f4a4adb103b46a26276b4edc593d4a78ef6fb942bafc92e035
      url: "https://pub.dev"
    source: hosted
    version: "10.10.7"
  firebase_analytics_platform_interface:
    dependency: transitive
    description:
      name: firebase_analytics_platform_interface
      sha256: "3729b74f8cf1d974a27ba70332ecb55ff5ff560edc8164a6469f4a055b429c37"
      url: "https://pub.dev"
    source: hosted
    version: "3.10.8"
  firebase_analytics_web:
    dependency: transitive
    description:
      name: firebase_analytics_web
      sha256: "019cd7eee74254d33fbd2e29229367ce33063516bf6b3258a341d89e3b0f1655"
      url: "https://pub.dev"
    source: hosted
    version: "0.5.7+7"
  firebase_auth:
    dependency: "direct main"
    description:
      name: firebase_auth
      sha256: cfc2d970829202eca09e2896f0a5aa7c87302817ecc0bdfa954f026046bf10ba
      url: "https://pub.dev"
    source: hosted
    version: "4.20.0"
  firebase_auth_platform_interface:
    dependency: transitive
    description:
      name: firebase_auth_platform_interface
      sha256: a0270e1db3b2098a14cb2a2342b3cd2e7e458e0c391b1f64f6f78b14296ec093
      url: "https://pub.dev"
    source: hosted
    version: "7.3.0"
  firebase_auth_web:
    dependency: transitive
    description:
      name: firebase_auth_web
      sha256: "64e067e763c6378b7e774e872f0f59f6812885e43020e25cde08f42e9459837b"
      url: "https://pub.dev"
    source: hosted
    version: "5.12.0"
  firebase_core:
    dependency: "direct main"
    description:
      name: firebase_core
      sha256: "26de145bb9688a90962faec6f838247377b0b0d32cc0abecd9a4e43525fc856c"
      url: "https://pub.dev"
    source: hosted
    version: "2.32.0"
  firebase_core_platform_interface:
    dependency: transitive
    description:
      name: firebase_core_platform_interface
      sha256: "3c3a1e92d6f4916c32deea79c4a7587aa0e9dbbe5889c7a16afcf005a485ee02"
      url: "https://pub.dev"
    source: hosted
    version: "5.2.0"
  firebase_core_web:
    dependency: transitive
    description:
      name: firebase_core_web
      sha256: e8d1e22de72cb21cdcfc5eed7acddab3e99cd83f3b317f54f7a96c32f25fd11e
      url: "https://pub.dev"
    source: hosted
    version: "2.17.4"
  firebase_messaging:
    dependency: "direct main"
    description:
      name: firebase_messaging
      sha256: a1662cc95d9750a324ad9df349b873360af6f11414902021f130c68ec02267c4
      url: "https://pub.dev"
    source: hosted
    version: "14.9.4"
  firebase_messaging_platform_interface:
    dependency: transitive
    description:
      name: firebase_messaging_platform_interface
      sha256: "87c4a922cb6f811cfb7a889bdbb3622702443c52a0271636cbc90d813ceac147"
      url: "https://pub.dev"
    source: hosted
    version: "4.5.37"
  firebase_messaging_web:
    dependency: transitive
    description:
      name: firebase_messaging_web
      sha256: "0d34dca01a7b103ed7f20138bffbb28eb0e61a677bf9e78a028a932e2c7322d5"
      url: "https://pub.dev"
    source: hosted
    version: "3.8.7"
  firebase_storage:
    dependency: "direct main"
    description:
      name: firebase_storage
      sha256: "2ae478ceec9f458c1bcbf0ee3e0100e4e909708979e83f16d5d9fba35a5b42c1"
      url: "https://pub.dev"
    source: hosted
    version: "11.7.7"
  firebase_storage_platform_interface:
    dependency: transitive
    description:
      name: firebase_storage_platform_interface
      sha256: "4e18662e6a66e2e0e181c06f94707de06d5097d70cfe2b5141bf64660c5b5da9"
      url: "https://pub.dev"
    source: hosted
    version: "5.1.22"
  firebase_storage_web:
    dependency: transitive
    description:
      name: firebase_storage_web
      sha256: "3a44aacd38a372efb159f6fe36bb4a7d79823949383816457fd43d3d47602a53"
      url: "https://pub.dev"
    source: hosted
    version: "3.9.7"
  fixnum:
    dependency: transitive
    description:
      name: fixnum
      sha256: "25517a4deb0c03aa0f32fd12db525856438902d9c16536311e76cdc57b31d7d1"
      url: "https://pub.dev"
    source: hosted
    version: "1.1.0"
  flutter:
    dependency: "direct main"
    description: flutter
    source: sdk
    version: "0.0.0"
  flutter_dotenv:
    dependency: "direct main"
    description:
      name: flutter_dotenv
      sha256: "9357883bdd153ab78cbf9ffa07656e336b8bbb2b5a3ca596b0b27e119f7c7d77"
      url: "https://pub.dev"
    source: hosted
    version: "5.1.0"
  flutter_lints:
    dependency: "direct dev"
    description:
      name: flutter_lints
      sha256: "9e8c3858111da373efc5aa341de011d9bd23e2c5c5e0c62bccf32438e192d7b1"
      url: "https://pub.dev"
    source: hosted
    version: "3.0.2"
  flutter_plugin_android_lifecycle:
    dependency: transitive
    description:
      name: flutter_plugin_android_lifecycle
      sha256: "8cf40eebf5dec866a6d1956ad7b4f7016e6c0cc69847ab946833b7d43743809f"
      url: "https://pub.dev"
    source: hosted
    version: "2.0.19"
  flutter_polyline_points:
    dependency: "direct main"
    description:
      name: flutter_polyline_points
      sha256: "3a1c8c30abee9fb0fbe44c70d5d1cedb10ef28ec7ea285c669f02b3e183483aa"
      url: "https://pub.dev"
    source: hosted
    version: "2.1.0"
  flutter_speed_dial:
    dependency: "direct main"
    description:
      name: flutter_speed_dial
      sha256: "698a037274a66dbae8697c265440e6acb6ab6cae9ac5f95c749e7944d8f28d41"
      url: "https://pub.dev"
    source: hosted
    version: "7.0.0"
  flutter_stripe:
    dependency: "direct main"
    description:
      name: flutter_stripe
      sha256: "6c10f839e2623a336de79023a95a49c8d177032d5fd54b1f7ee9755fc577e227"
      url: "https://pub.dev"
    source: hosted
    version: "10.2.0"
  flutter_test:
    dependency: "direct dev"
    description: flutter
    source: sdk
    version: "0.0.0"
  flutter_web_plugins:
    dependency: transitive
    description: flutter
    source: sdk
    version: "0.0.0"
  freezed_annotation:
    dependency: transitive
    description:
      name: freezed_annotation
      sha256: c2e2d632dd9b8a2b7751117abcfc2b4888ecfe181bd9fca7170d9ef02e595fe2
      url: "https://pub.dev"
    source: hosted
    version: "2.4.4"
  geoflutterfire2:
    dependency: "direct main"
    description:
      name: geoflutterfire2
      sha256: "343a3ef87f81f39e64a2b82ee392efa93fa646475564853daca565afc38096bb"
      url: "https://pub.dev"
    source: hosted
    version: "2.3.15"
  geolocator:
    dependency: "direct main"
    description:
      name: geolocator
      sha256: "6cb9fb6e5928b58b9a84bdf85012d757fd07aab8215c5205337021c4999bad27"
      url: "https://pub.dev"
    source: hosted
    version: "11.1.0"
  geolocator_android:
    dependency: transitive
    description:
      name: geolocator_android
      sha256: "7aefc530db47d90d0580b552df3242440a10fe60814496a979aa67aa98b1fd47"
      url: "https://pub.dev"
    source: hosted
    version: "4.6.1"
  geolocator_apple:
    dependency: transitive
    description:
      name: geolocator_apple
      sha256: bc2aca02423ad429cb0556121f56e60360a2b7d694c8570301d06ea0c00732fd
      url: "https://pub.dev"
    source: hosted
    version: "2.3.7"
  geolocator_platform_interface:
    dependency: transitive
    description:
      name: geolocator_platform_interface
      sha256: "386ce3d9cce47838355000070b1d0b13efb5bc430f8ecda7e9238c8409ace012"
      url: "https://pub.dev"
    source: hosted
    version: "4.2.4"
  geolocator_web:
    dependency: transitive
    description:
      name: geolocator_web
      sha256: "49d8f846ebeb5e2b6641fe477a7e97e5dd73f03cbfef3fd5c42177b7300fb0ed"
      url: "https://pub.dev"
    source: hosted
    version: "3.0.0"
  geolocator_windows:
    dependency: transitive
    description:
      name: geolocator_windows
      sha256: "53da08937d07c24b0d9952eb57a3b474e29aae2abf9dd717f7e1230995f13f0e"
      url: "https://pub.dev"
    source: hosted
    version: "0.2.3"
  glob:
    dependency: transitive
    description:
      name: glob
      sha256: "0e7014b3b7d4dac1ca4d6114f82bf1782ee86745b9b42a92c9289c23d8a0ab63"
      url: "https://pub.dev"
    source: hosted
    version: "2.1.2"
  google_identity_services_web:
    dependency: transitive
    description:
      name: google_identity_services_web
      sha256: "5be191523702ba8d7a01ca97c17fca096822ccf246b0a9f11923a6ded06199b6"
      url: "https://pub.dev"
    source: hosted
    version: "0.3.1+4"
  google_maps:
    dependency: transitive
    description:
      name: google_maps
      sha256: "47eef3836b49bb030d5cb3afc60b8451408bf34cf753e571b645d6529eb4251a"
      url: "https://pub.dev"
    source: hosted
    version: "7.1.0"
  google_maps_flutter:
    dependency: "direct main"
    description:
      name: google_maps_flutter
      sha256: c1972cbad779bc5346c49045f26ae45550a0958b1cbca5b524dd3c8954995d28
      url: "https://pub.dev"
    source: hosted
    version: "2.6.1"
  google_maps_flutter_android:
    dependency: transitive
    description:
      name: google_maps_flutter_android
      sha256: "0bcadb80eba39afda77dede89a6caafd3b68f2786b90491eceea4a01c3db181c"
      url: "https://pub.dev"
    source: hosted
    version: "2.8.0"
  google_maps_flutter_ios:
    dependency: transitive
    description:
      name: google_maps_flutter_ios
      sha256: "3a484846fc56f15e47e3de1f5ea80a7ff2b31721d2faa88f390f3b3cf580c953"
      url: "https://pub.dev"
    source: hosted
    version: "2.13.0"
  google_maps_flutter_platform_interface:
    dependency: transitive
    description:
      name: google_maps_flutter_platform_interface
      sha256: "4f6930fd668bf5d40feb2695d5695dbc0c35e5542b557a34ad35be491686d2ba"
      url: "https://pub.dev"
    source: hosted
    version: "2.9.0"
  google_maps_flutter_web:
    dependency: transitive
    description:
      name: google_maps_flutter_web
      sha256: f3155c12119d8a5c2732fdf39ceb5cc095bc662059a03b4ea23294ecebe1d199
      url: "https://pub.dev"
    source: hosted
    version: "0.5.8"
  google_place_plus:
    dependency: "direct main"
    description:
      name: google_place_plus
      sha256: ae929404523ffa39692b22408b5a13d7003d3e63e09729f1f0c591413955c15d
      url: "https://pub.dev"
    source: hosted
    version: "1.0.0"
  google_sign_in:
    dependency: "direct main"
    description:
      name: google_sign_in
      sha256: "0b8787cb9c1a68ad398e8010e8c8766bfa33556d2ab97c439fb4137756d7308f"
      url: "https://pub.dev"
    source: hosted
    version: "6.2.1"
  google_sign_in_android:
    dependency: transitive
    description:
      name: google_sign_in_android
      sha256: "7647893c65e6720973f0e579051c8f84b877b486614d9f70a404259c41a4632e"
      url: "https://pub.dev"
    source: hosted
    version: "6.1.23"
  google_sign_in_ios:
    dependency: transitive
    description:
      name: google_sign_in_ios
      sha256: a058c9880be456f21e2e8571c1126eaacd570bdc5b6c6d9d15aea4bdf22ca9fe
      url: "https://pub.dev"
    source: hosted
    version: "5.7.6"
  google_sign_in_platform_interface:
    dependency: transitive
    description:
      name: google_sign_in_platform_interface
      sha256: "1f6e5787d7a120cc0359ddf315c92309069171306242e181c09472d1b00a2971"
      url: "https://pub.dev"
    source: hosted
    version: "2.4.5"
  google_sign_in_web:
    dependency: transitive
    description:
      name: google_sign_in_web
      sha256: "042805a21127a85b0dc46bba98a37926f17d2439720e8a459d27045d8ef68055"
      url: "https://pub.dev"
    source: hosted
    version: "0.12.4+2"
  html:
    dependency: transitive
    description:
      name: html
      sha256: "3a7812d5bcd2894edf53dfaf8cd640876cf6cef50a8f238745c8b8120ea74d3a"
      url: "https://pub.dev"
    source: hosted
    version: "0.15.4"
  http:
    dependency: transitive
    description:
      name: http
      sha256: b9c29a161230ee03d3ccf545097fccd9b87a5264228c5d348202e0f0c28f9010
      url: "https://pub.dev"
    source: hosted
    version: "1.2.2"
  http_parser:
    dependency: transitive
    description:
      name: http_parser
      sha256: "2aa08ce0341cc9b354a498388e30986515406668dbcc4f7c950c3e715496693b"
      url: "https://pub.dev"
    source: hosted
    version: "4.0.2"
  image_picker:
    dependency: "direct main"
    description:
      name: image_picker
      sha256: "021834d9c0c3de46bf0fe40341fa07168407f694d9b2bb18d532dc1261867f7a"
      url: "https://pub.dev"
    source: hosted
    version: "1.1.2"
  image_picker_android:
    dependency: transitive
    description:
      name: image_picker_android
      sha256: "0f57fee1e8bfadf8cc41818bbcd7f72e53bb768a54d9496355d5e8a5681a19f1"
      url: "https://pub.dev"
    source: hosted
    version: "0.8.12+1"
  image_picker_for_web:
    dependency: transitive
    description:
      name: image_picker_for_web
      sha256: "65d94623e15372c5c51bebbcb820848d7bcb323836e12dfdba60b5d3a8b39e50"
      url: "https://pub.dev"
    source: hosted
    version: "3.0.5"
  image_picker_ios:
    dependency: transitive
    description:
      name: image_picker_ios
      sha256: "6703696ad49f5c3c8356d576d7ace84d1faf459afb07accbb0fae780753ff447"
      url: "https://pub.dev"
    source: hosted
    version: "0.8.12"
  image_picker_linux:
    dependency: transitive
    description:
      name: image_picker_linux
      sha256: "4ed1d9bb36f7cd60aa6e6cd479779cc56a4cb4e4de8f49d487b1aaad831300fa"
      url: "https://pub.dev"
    source: hosted
    version: "0.2.1+1"
  image_picker_macos:
    dependency: transitive
    description:
      name: image_picker_macos
      sha256: "3f5ad1e8112a9a6111c46d0b57a7be2286a9a07fc6e1976fdf5be2bd31d4ff62"
      url: "https://pub.dev"
    source: hosted
    version: "0.2.1+1"
  image_picker_platform_interface:
    dependency: transitive
    description:
      name: image_picker_platform_interface
      sha256: "9ec26d410ff46f483c5519c29c02ef0e02e13a543f882b152d4bfd2f06802f80"
      url: "https://pub.dev"
    source: hosted
    version: "2.10.0"
  image_picker_windows:
    dependency: transitive
    description:
      name: image_picker_windows
      sha256: "6ad07afc4eb1bc25f3a01084d28520496c4a3bb0cb13685435838167c9dcedeb"
      url: "https://pub.dev"
    source: hosted
    version: "0.2.1+1"
  intl:
    dependency: "direct main"
    description:
      name: intl
      sha256: d6f56758b7d3014a48af9701c085700aac781a92a87a62b1333b46d8879661cf
      url: "https://pub.dev"
    source: hosted
    version: "0.19.0"
  js:
    dependency: transitive
    description:
      name: js
      sha256: f2c445dce49627136094980615a031419f7f3eb393237e4ecd97ac15dea343f3
      url: "https://pub.dev"
    source: hosted
    version: "0.6.7"
  js_wrapping:
    dependency: transitive
    description:
      name: js_wrapping
      sha256: e385980f7c76a8c1c9a560dfb623b890975841542471eade630b2871d243851c
      url: "https://pub.dev"
    source: hosted
    version: "0.7.4"
  json_annotation:
    dependency: transitive
    description:
      name: json_annotation
      sha256: "1ce844379ca14835a50d2f019a3099f419082cfdd231cd86a142af94dd5c6bb1"
      url: "https://pub.dev"
    source: hosted
    version: "4.9.0"
  json_serializable:
    dependency: "direct main"
    description:
      name: json_serializable
      sha256: ea1432d167339ea9b5bb153f0571d0039607a873d6e04e0117af043f14a1fd4b
      url: "https://pub.dev"
    source: hosted
    version: "6.8.0"
  leak_tracker:
    dependency: transitive
    description:
      name: leak_tracker
      sha256: "78eb209deea09858f5269f5a5b02be4049535f568c07b275096836f01ea323fa"
      url: "https://pub.dev"
    source: hosted
    version: "10.0.0"
  leak_tracker_flutter_testing:
    dependency: transitive
    description:
      name: leak_tracker_flutter_testing
      sha256: b46c5e37c19120a8a01918cfaf293547f47269f7cb4b0058f21531c2465d6ef0
      url: "https://pub.dev"
    source: hosted
    version: "2.0.1"
  leak_tracker_testing:
    dependency: transitive
    description:
      name: leak_tracker_testing
      sha256: a597f72a664dbd293f3bfc51f9ba69816f84dcd403cdac7066cb3f6003f3ab47
      url: "https://pub.dev"
    source: hosted
    version: "2.0.1"
  lints:
    dependency: transitive
    description:
      name: lints
      sha256: cbf8d4b858bb0134ef3ef87841abdf8d63bfc255c266b7bf6b39daa1085c4290
      url: "https://pub.dev"
    source: hosted
    version: "3.0.0"
  lists:
    dependency: transitive
    description:
      name: lists
      sha256: "4ca5c19ae4350de036a7e996cdd1ee39c93ac0a2b840f4915459b7d0a7d4ab27"
      url: "https://pub.dev"
    source: hosted
    version: "1.0.1"
  location_permissions:
    dependency: "direct main"
    description:
      name: location_permissions
      sha256: a8429c1bc8b87bf079c49869602833853245247c453a5f74ab03d0bf177b0e1a
      url: "https://pub.dev"
    source: hosted
    version: "4.0.1"
  logging:
    dependency: transitive
    description:
      name: logging
      sha256: "623a88c9594aa774443aa3eb2d41807a48486b5613e67599fb4c41c0ad47c340"
      url: "https://pub.dev"
    source: hosted
    version: "1.2.0"
  lucide_icons:
    dependency: "direct main"
    description:
      name: lucide_icons
      sha256: ad24d0fd65707e48add30bebada7d90bff2a1bba0a72d6e9b19d44246b0e83c4
      url: "https://pub.dev"
    source: hosted
    version: "0.257.0"
  mailto:
    dependency: "direct main"
    description:
      name: mailto
      sha256: f8c5ce39e0eaa94a856795b2855af7f66aac37f7c3b70ac5c26ab00b94685445
      url: "https://pub.dev"
    source: hosted
    version: "2.0.0"
  matcher:
    dependency: transitive
    description:
      name: matcher
      sha256: d2323aa2060500f906aa31a895b4030b6da3ebdcc5619d14ce1aada65cd161cb
      url: "https://pub.dev"
    source: hosted
    version: "0.12.16+1"
  material_color_utilities:
    dependency: transitive
    description:
      name: material_color_utilities
      sha256: "0e0a020085b65b6083975e499759762399b4475f766c21668c4ecca34ea74e5a"
      url: "https://pub.dev"
    source: hosted
    version: "0.8.0"
  material_design_icons_flutter:
    dependency: "direct main"
    description:
      name: material_design_icons_flutter
      sha256: "6f986b7a51f3ad4c00e33c5c84e8de1bdd140489bbcdc8b66fc1283dad4dea5a"
      url: "https://pub.dev"
    source: hosted
    version: "7.0.7296"
  meta:
    dependency: transitive
    description:
      name: meta
      sha256: d584fa6707a52763a52446f02cc621b077888fb63b93bbcb1143a7be5a0c0c04
      url: "https://pub.dev"
    source: hosted
    version: "1.11.0"
  mime:
    dependency: transitive
    description:
      name: mime
      sha256: "2e123074287cc9fd6c09de8336dae606d1ddb88d9ac47358826db698c176a1f2"
      url: "https://pub.dev"
    source: hosted
    version: "1.0.5"
  package_config:
    dependency: transitive
    description:
      name: package_config
      sha256: "1c5b77ccc91e4823a5af61ee74e6b972db1ef98c2ff5a18d3161c982a55448bd"
      url: "https://pub.dev"
    source: hosted
    version: "2.1.0"
  path:
    dependency: transitive
    description:
      name: path
      sha256: "087ce49c3f0dc39180befefc60fdb4acd8f8620e5682fe2476afd0b3688bb4af"
      url: "https://pub.dev"
    source: hosted
    version: "1.9.0"
  path_drawing:
    dependency: transitive
    description:
      name: path_drawing
      sha256: bbb1934c0cbb03091af082a6389ca2080345291ef07a5fa6d6e078ba8682f977
      url: "https://pub.dev"
    source: hosted
    version: "1.0.1"
  path_parsing:
    dependency: transitive
    description:
      name: path_parsing
      sha256: e3e67b1629e6f7e8100b367d3db6ba6af4b1f0bb80f64db18ef1fbabd2fa9ccf
      url: "https://pub.dev"
    source: hosted
    version: "1.0.1"
  path_provider_linux:
    dependency: transitive
    description:
      name: path_provider_linux
      sha256: f7a1fe3a634fe7734c8d3f2766ad746ae2a2884abe22e241a8b301bf5cac3279
      url: "https://pub.dev"
    source: hosted
    version: "2.2.1"
  path_provider_platform_interface:
    dependency: transitive
    description:
      name: path_provider_platform_interface
      sha256: "88f5779f72ba699763fa3a3b06aa4bf6de76c8e5de842cf6f29e2e06476c2334"
      url: "https://pub.dev"
    source: hosted
    version: "2.1.2"
  path_provider_windows:
    dependency: transitive
    description:
      name: path_provider_windows
      sha256: bd6f00dbd873bfb70d0761682da2b3a2c2fccc2b9e84c495821639601d81afe7
      url: "https://pub.dev"
    source: hosted
    version: "2.3.0"
  percent_indicator:
    dependency: "direct main"
    description:
      name: percent_indicator
      sha256: c37099ad833a883c9d71782321cb65c3a848c21b6939b6185f0ff6640d05814c
      url: "https://pub.dev"
    source: hosted
    version: "4.2.3"
  platform:
    dependency: transitive
    description:
      name: platform
      sha256: "9b71283fc13df574056616011fb138fd3b793ea47cc509c189a6c3fa5f8a1a65"
      url: "https://pub.dev"
    source: hosted
    version: "3.1.5"
  plugin_platform_interface:
    dependency: transitive
    description:
      name: plugin_platform_interface
      sha256: "4820fbfdb9478b1ebae27888254d445073732dae3d6ea81f0b7e06d5dedc3f02"
      url: "https://pub.dev"
    source: hosted
    version: "2.1.8"
  pub_semver:
    dependency: transitive
    description:
      name: pub_semver
      sha256: "40d3ab1bbd474c4c2328c91e3a7df8c6dd629b79ece4c4bd04bee496a224fb0c"
      url: "https://pub.dev"
    source: hosted
    version: "2.1.4"
  pubspec_parse:
    dependency: transitive
    description:
      name: pubspec_parse
      sha256: c799b721d79eb6ee6fa56f00c04b472dcd44a30d258fac2174a6ec57302678f8
      url: "https://pub.dev"
    source: hosted
    version: "1.3.0"
  rxdart:
    dependency: transitive
    description:
      name: rxdart
      sha256: "0c7c0cedd93788d996e33041ffecda924cc54389199cde4e6a34b440f50044cb"
      url: "https://pub.dev"
    source: hosted
    version: "0.27.7"
  sanitize_html:
    dependency: transitive
    description:
      name: sanitize_html
      sha256: "12669c4a913688a26555323fb9cec373d8f9fbe091f2d01c40c723b33caa8989"
      url: "https://pub.dev"
    source: hosted
    version: "2.1.0"
  shared_preferences:
    dependency: "direct main"
    description:
      name: shared_preferences
      sha256: d3bbe5553a986e83980916ded2f0b435ef2e1893dfaa29d5a7a790d0eca12180
      url: "https://pub.dev"
    source: hosted
    version: "2.2.3"
  shared_preferences_android:
    dependency: transitive
    description:
      name: shared_preferences_android
      sha256: "1ee8bf911094a1b592de7ab29add6f826a7331fb854273d55918693d5364a1f2"
      url: "https://pub.dev"
    source: hosted
    version: "2.2.2"
  shared_preferences_foundation:
    dependency: transitive
    description:
      name: shared_preferences_foundation
      sha256: c4b35f6cb8f63c147312c054ce7c2254c8066745125264f0c88739c417fc9d9f
      url: "https://pub.dev"
    source: hosted
    version: "2.5.2"
  shared_preferences_linux:
    dependency: transitive
    description:
      name: shared_preferences_linux
      sha256: "580abfd40f415611503cae30adf626e6656dfb2f0cee8f465ece7b6defb40f2f"
      url: "https://pub.dev"
    source: hosted
    version: "2.4.1"
  shared_preferences_platform_interface:
    dependency: transitive
    description:
      name: shared_preferences_platform_interface
      sha256: "57cbf196c486bc2cf1f02b85784932c6094376284b3ad5779d1b1c6c6a816b80"
      url: "https://pub.dev"
    source: hosted
    version: "2.4.1"
  shared_preferences_web:
    dependency: transitive
    description:
      name: shared_preferences_web
      sha256: "59dc807b94d29d52ddbb1b3c0d3b9d0a67fc535a64e62a5542c8db0513fcb6c2"
      url: "https://pub.dev"
    source: hosted
    version: "2.4.1"
  shared_preferences_windows:
    dependency: transitive
    description:
      name: shared_preferences_windows
      sha256: "94ef0f72b2d71bc3e700e025db3710911bd51a71cefb65cc609dd0d9a982e3c1"
      url: "https://pub.dev"
    source: hosted
    version: "2.4.1"
  sky_engine:
    dependency: transitive
    description: flutter
    source: sdk
    version: "0.0.99"
  source_gen:
    dependency: transitive
    description:
      name: source_gen
      sha256: "14658ba5f669685cd3d63701d01b31ea748310f7ab854e471962670abcf57832"
      url: "https://pub.dev"
    source: hosted
    version: "1.5.0"
  source_helper:
    dependency: transitive
    description:
      name: source_helper
      sha256: "6adebc0006c37dd63fe05bca0a929b99f06402fc95aa35bf36d67f5c06de01fd"
      url: "https://pub.dev"
    source: hosted
    version: "1.3.4"
  source_span:
    dependency: transitive
    description:
      name: source_span
      sha256: "53e943d4206a5e30df338fd4c6e7a077e02254531b138a15aec3bd143c1a8b3c"
      url: "https://pub.dev"
    source: hosted
    version: "1.10.0"
  sprintf:
    dependency: transitive
    description:
      name: sprintf
      sha256: "1fc9ffe69d4df602376b52949af107d8f5703b77cda567c4d7d86a0693120f23"
      url: "https://pub.dev"
    source: hosted
    version: "7.0.0"
  stack_trace:
    dependency: transitive
    description:
      name: stack_trace
      sha256: "73713990125a6d93122541237550ee3352a2d84baad52d375a4cad2eb9b7ce0b"
      url: "https://pub.dev"
    source: hosted
    version: "1.11.1"
  stream_channel:
    dependency: transitive
    description:
      name: stream_channel
      sha256: ba2aa5d8cc609d96bbb2899c28934f9e1af5cddbd60a827822ea467161eb54e7
      url: "https://pub.dev"
    source: hosted
    version: "2.1.2"
  stream_transform:
    dependency: transitive
    description:
      name: stream_transform
      sha256: "14a00e794c7c11aa145a170587321aedce29769c08d7f58b1d141da75e3b1c6f"
      url: "https://pub.dev"
    source: hosted
    version: "2.1.0"
  string_scanner:
    dependency: transitive
    description:
      name: string_scanner
      sha256: "556692adab6cfa87322a115640c11f13cb77b3f076ddcc5d6ae3c20242bedcde"
      url: "https://pub.dev"
    source: hosted
    version: "1.2.0"
  strings:
    dependency: "direct main"
    description:
      name: strings
      sha256: "052836499f03897d3860a603b330c1ea3c8a14177b21f34b15a1295f36024aae"
      url: "https://pub.dev"
    source: hosted
    version: "3.1.2"
  stripe_android:
    dependency: transitive
    description:
      name: stripe_android
      sha256: "74c977ae0a918949e84796a8a3524a68610f4719c66170f01592b4bc5196f049"
      url: "https://pub.dev"
    source: hosted
    version: "10.2.1"
  stripe_ios:
    dependency: transitive
    description:
      name: stripe_ios
      sha256: eb91cb9b971e22f865937309b0e5e4e0f5bcbfc39e671bd41c0fdaddbb5ad948
      url: "https://pub.dev"
    source: hosted
    version: "10.2.0"
  stripe_platform_interface:
    dependency: transitive
    description:
      name: stripe_platform_interface
      sha256: "1a2e3fe106bc723c0c0cda2f97f15bfef16944507621639c636041845a96ff57"
      url: "https://pub.dev"
    source: hosted
    version: "10.2.0"
  term_glyph:
    dependency: transitive
    description:
      name: term_glyph
      sha256: a29248a84fbb7c79282b40b8c72a1209db169a2e0542bce341da992fe1bc7e84
      url: "https://pub.dev"
    source: hosted
    version: "1.2.1"
  test_api:
    dependency: transitive
    description:
      name: test_api
      sha256: "5c2f730018264d276c20e4f1503fd1308dfbbae39ec8ee63c5236311ac06954b"
      url: "https://pub.dev"
    source: hosted
    version: "0.6.1"
  typed_data:
    dependency: transitive
    description:
      name: typed_data
      sha256: facc8d6582f16042dd49f2463ff1bd6e2c9ef9f3d5da3d9b087e244a7b564b3c
      url: "https://pub.dev"
    source: hosted
    version: "1.3.2"
  unicode:
    dependency: transitive
    description:
      name: unicode
      sha256: "0f69e46593d65245774d4f17125c6084d2c20b4e473a983f6e21b7d7762218f1"
      url: "https://pub.dev"
    source: hosted
    version: "0.3.1"
  url_launcher:
    dependency: "direct main"
    description:
      name: url_launcher
      sha256: "21b704ce5fa560ea9f3b525b43601c678728ba46725bab9b01187b4831377ed3"
      url: "https://pub.dev"
    source: hosted
    version: "6.3.0"
  url_launcher_android:
    dependency: transitive
    description:
      name: url_launcher_android
      sha256: "17cd5e205ea615e2c6ea7a77323a11712dffa0720a8a90540db57a01347f9ad9"
      url: "https://pub.dev"
    source: hosted
    version: "6.3.2"
  url_launcher_ios:
    dependency: transitive
    description:
      name: url_launcher_ios
      sha256: e43b677296fadce447e987a2f519dcf5f6d1e527dc35d01ffab4fff5b8a7063e
      url: "https://pub.dev"
    source: hosted
    version: "6.3.1"
  url_launcher_linux:
    dependency: transitive
    description:
      name: url_launcher_linux
      sha256: e2b9622b4007f97f504cd64c0128309dfb978ae66adbe944125ed9e1750f06af
      url: "https://pub.dev"
    source: hosted
    version: "3.2.0"
  url_launcher_macos:
    dependency: transitive
    description:
      name: url_launcher_macos
      sha256: "9a1a42d5d2d95400c795b2914c36fdcb525870c752569438e4ebb09a2b5d90de"
      url: "https://pub.dev"
    source: hosted
    version: "3.2.0"
  url_launcher_platform_interface:
    dependency: transitive
    description:
      name: url_launcher_platform_interface
      sha256: "552f8a1e663569be95a8190206a38187b531910283c3e982193e4f2733f01029"
      url: "https://pub.dev"
    source: hosted
    version: "2.3.2"
  url_launcher_web:
    dependency: transitive
    description:
      name: url_launcher_web
      sha256: "772638d3b34c779ede05ba3d38af34657a05ac55b06279ea6edd409e323dca8e"
      url: "https://pub.dev"
    source: hosted
    version: "2.3.3"
  url_launcher_windows:
    dependency: transitive
    description:
      name: url_launcher_windows
      sha256: "49c10f879746271804767cb45551ec5592cdab00ee105c06dddde1a98f73b185"
      url: "https://pub.dev"
    source: hosted
    version: "3.1.2"
  uuid:
    dependency: transitive
    description:
      name: uuid
      sha256: "83d37c7ad7aaf9aa8e275490669535c8080377cfa7a7004c24dfac53afffaa90"
      url: "https://pub.dev"
    source: hosted
    version: "4.4.2"
  vector_math:
    dependency: transitive
    description:
      name: vector_math
      sha256: "80b3257d1492ce4d091729e3a67a60407d227c27241d6927be0130c98e741803"
      url: "https://pub.dev"
    source: hosted
    version: "2.1.4"
  vm_service:
    dependency: transitive
    description:
      name: vm_service
      sha256: b3d56ff4341b8f182b96aceb2fa20e3dcb336b9f867bc0eafc0de10f1048e957
      url: "https://pub.dev"
    source: hosted
    version: "13.0.0"
  watcher:
    dependency: transitive
    description:
      name: watcher
      sha256: "3d2ad6751b3c16cf07c7fca317a1413b3f26530319181b37e3b9039b84fc01d8"
      url: "https://pub.dev"
    source: hosted
    version: "1.1.0"
  web:
    dependency: transitive
    description:
      name: web
      sha256: "97da13628db363c635202ad97068d47c5b8aa555808e7a9411963c533b449b27"
      url: "https://pub.dev"
    source: hosted
    version: "0.5.1"
  webview_flutter:
    dependency: "direct main"
    description:
      name: webview_flutter
      sha256: "6869c8786d179f929144b4a1f86e09ac0eddfe475984951ea6c634774c16b522"
      url: "https://pub.dev"
    source: hosted
    version: "4.8.0"
  webview_flutter_android:
    dependency: transitive
    description:
      name: webview_flutter_android
      sha256: "0d21cfc3bfdd2e30ab2ebeced66512b91134b39e72e97b43db2d47dda1c4e53a"
      url: "https://pub.dev"
    source: hosted
    version: "3.16.3"
  webview_flutter_platform_interface:
    dependency: transitive
    description:
      name: webview_flutter_platform_interface
      sha256: d937581d6e558908d7ae3dc1989c4f87b786891ab47bb9df7de548a151779d8d
      url: "https://pub.dev"
    source: hosted
    version: "2.10.0"
  webview_flutter_wkwebview:
    dependency: transitive
    description:
      name: webview_flutter_wkwebview
      sha256: "9c62cc46fa4f2d41e10ab81014c1de470a6c6f26051a2de32111b2ee55287feb"
      url: "https://pub.dev"
    source: hosted
    version: "3.14.0"
  xdg_directories:
    dependency: transitive
    description:
      name: xdg_directories
      sha256: faea9dee56b520b55a566385b84f2e8de55e7496104adada9962e0bd11bcff1d
      url: "https://pub.dev"
    source: hosted
    version: "1.0.4"
  yaml:
    dependency: transitive
    description:
      name: yaml
      sha256: "75769501ea3489fca56601ff33454fe45507ea3bfb014161abc3b43ae25989d5"
      url: "https://pub.dev"
    source: hosted
    version: "3.1.2"
sdks:
  dart: ">=3.3.0 <4.0.0"
  flutter: ">=3.19.0"
